{
  "version": 4,
  "terraform_version": "1.9.8",
  "serial": 197,
  "lineage": "bd004a88-0f7c-f0fb-6b93-290705dc0208",
  "outputs": {},
  "resources": [
    {
      "module": "module.eks",
      "mode": "managed",
      "type": "aws_eks_cluster",
      "name": "tf_eks",
      "provider": "provider[\"registry.terraform.io/hashicorp/aws\"]",
      "instances": [
        {
          "schema_version": 1,
          "attributes": {
            "access_config": [
              {
                "authentication_mode": "CONFIG_MAP",
                "bootstrap_cluster_creator_admin_permissions": true
              }
            ],
            "arn": "arn:aws:eks:us-east-2:637423201723:cluster/tfekscluster",
            "bootstrap_self_managed_addons": true,
            "certificate_authority": [
              {
                "data": "LS0tLS1CRUdJTiBDRVJUSUZJQ0FURS0tLS0tCk1JSURCVENDQWUyZ0F3SUJBZ0lJS2ZnalhmWU8ram93RFFZSktvWklodmNOQVFFTEJRQXdGVEVUTUJFR0ExVUUKQXhNS2EzVmlaWEp1WlhSbGN6QWVGdzB5TkRFeU1ERXhOVEE1TXpSYUZ3MHpOREV4TWpreE5URTBNelJhTUJVeApFekFSQmdOVkJBTVRDbXQxWW1WeWJtVjBaWE13Z2dFaU1BMEdDU3FHU0liM0RRRUJBUVVBQTRJQkR3QXdnZ0VLCkFvSUJBUURHTG9sZTF1RjFaZzNYMXFKTTdaaFc5Tkg0Nnlvc3ZWeFZqZlVNRUZ2YVlLbnhXb2RSdE5MSy9TMk4KV0VtdkJjUWNrMkxJZktmcjE3YTMyYnBTdkJNcXhhcE1rNzc3cDNMQUtOUVlZZnFMejI4ejVOWEp0dnhSSFE1VQpuWldUUFBMVFVqeWhJSlVFcXFGajBWRWQ2bWxHNGlINGZTZklYc0E2R1F6ckVzS05oQWQwbmlVWXZaVG5QMnB4Cm1rckh0KzZNeDQyZzhsTlNISUVwRTlBR1hXRjd4b0RqOGUzY0V2S0NEYzFpOVJmOXYyZS9mb2hGV01adjZDZnoKT0d1bWVxVjBJL01XMno2T0NBejh1QTB5cFdNN2pRWjNLckUvUmlicEVpL2tRVWtQOWwyQlBwNUhVQStCcjlLbgpWbjNVWlZsV2xUMk5Kb04weEN4TjJRdVJaZkYzQWdNQkFBR2pXVEJYTUE0R0ExVWREd0VCL3dRRUF3SUNwREFQCkJnTlZIUk1CQWY4RUJUQURBUUgvTUIwR0ExVWREZ1FXQkJTWnpTeWNVaDBkTlU3RUVtWk1hSWtLZGhJVThqQVYKQmdOVkhSRUVEakFNZ2dwcmRXSmxjbTVsZEdWek1BMEdDU3FHU0liM0RRRUJDd1VBQTRJQkFRQ0wvZFZPcGIxego0Y1o1MXZ6ZVl2aEl5aVR6dTRQLzJya2VOSGNpa2o3LzNnWDlvczVvZDVqMDZ3Z2VWbzdOWTkydUpDbTRlTGNECjVFNWpKcVhrTTByK3ZLSFlSOVZLb085SU1FNGlJNk5ZVlg1OUdLMUFncTN4MGZteXVBTm84T2U5dGtNS2JRdTIKU25FK3dMV0R5Sjczd29pZSszUU1MVE45SVVFS0tEdWdaYmd4SGhaRDBrNDBuVitQUWwvVDRwLzR6Mk01WFY0QwpkTVEwQnhHbkV4MU9jRUJoTFhzRTFwZEo0QlNMYWZPSE1JK2l2MUlrTVlhMnhIbk40Y3VRK2NUZjZRSEFrdkFWClREY0FXRnZGM045MCtBYVlGbTNvVE4ybnN2d21Kai9kNE1EYklQK3NvNG0rb1BKTVFRNFAzM0V2R2tjSFAwZU0KRzUrTjEreVdjVkJkCi0tLS0tRU5EIENFUlRJRklDQVRFLS0tLS0K"
              }
            ],
            "cluster_id": null,
            "created_at": "2024-12-01T15:10:40Z",
            "enabled_cluster_log_types": null,
            "encryption_config": [],
            "endpoint": "https://337D771C85576B71E79DB33346E8AFC1.gr7.us-east-2.eks.amazonaws.com",
            "id": "tfekscluster",
            "identity": [
              {
                "oidc": [
                  {
                    "issuer": "https://oidc.eks.us-east-2.amazonaws.com/id/337D771C85576B71E79DB33346E8AFC1"
                  }
                ]
              }
            ],
            "kubernetes_network_config": [
              {
                "ip_family": "ipv4",
                "service_ipv4_cidr": "172.20.0.0/16",
                "service_ipv6_cidr": ""
              }
            ],
            "name": "tfekscluster",
            "outpost_config": [],
            "platform_version": "eks.12",
            "role_arn": "arn:aws:iam::637423201723:role/tfeksclusterrole",
            "status": "ACTIVE",
            "tags": null,
            "tags_all": {},
            "timeouts": null,
            "upgrade_policy": [
              {
                "support_type": "EXTENDED"
              }
            ],
            "version": "1.31",
            "vpc_config": [
              {
                "cluster_security_group_id": "sg-06bf8749ea626e1fa",
                "endpoint_private_access": false,
                "endpoint_public_access": true,
                "public_access_cidrs": [
                  "0.0.0.0/0"
                ],
                "security_group_ids": null,
                "subnet_ids": [
                  "subnet-05639cad46ad67056",
                  "subnet-0e6dc2cb63756ffcb"
                ],
                "vpc_id": "vpc-02478c96751fb758f"
              }
            ],
            "zonal_shift_config": []
          },
          "sensitive_attributes": [],
          "private": "eyJlMmJmYjczMC1lY2FhLTExZTYtOGY4OC0zNDM2M2JjN2M0YzAiOnsiY3JlYXRlIjoxODAwMDAwMDAwMDAwLCJkZWxldGUiOjkwMDAwMDAwMDAwMCwidXBkYXRlIjozNjAwMDAwMDAwMDAwfSwic2NoZW1hX3ZlcnNpb24iOiIxIn0=",
          "dependencies": [
            "module.iam.aws_iam_role.tfeksclusterrole",
            "module.iam.aws_iam_role.tfeksnodegrouprole",
            "module.iam.aws_iam_role_policy_attachment.policy",
            "module.iam.aws_iam_role_policy_attachment.policya",
            "module.iam.aws_iam_role_policy_attachment.policyaa",
            "module.iam.aws_iam_role_policy_attachment.policyaaa",
            "module.vpc.aws_internet_gateway.tf_igw",
            "module.vpc.aws_route_table.tf_rt",
            "module.vpc.aws_route_table_association.a",
            "module.vpc.aws_route_table_association.b",
            "module.vpc.aws_security_group.eks_sg",
            "module.vpc.aws_subnet.tf_subnet1",
            "module.vpc.aws_subnet.tf_subnet2",
            "module.vpc.aws_vpc.tf_vpc",
            "module.vpc.aws_vpc_security_group_egress_rule.tf_sgegress",
            "module.vpc.aws_vpc_security_group_ingress_rule.tf_sgingress1",
            "module.vpc.aws_vpc_security_group_ingress_rule.tf_sgingress2",
            "module.vpc.aws_vpc_security_group_ingress_rule.tf_sgingress3"
          ]
        }
      ]
    },
    {
      "module": "module.eks",
      "mode": "managed",
      "type": "aws_eks_node_group",
      "name": "tfeksnodegroup",
      "provider": "provider[\"registry.terraform.io/hashicorp/aws\"]",
      "instances": [
        {
          "schema_version": 0,
          "attributes": {
            "ami_type": "AL2023_x86_64_STANDARD",
            "arn": "arn:aws:eks:us-east-2:637423201723:nodegroup/tfekscluster/tfnodegroup/a6c9c166-01cb-dbc8-b5f6-65ca75471405",
            "capacity_type": "ON_DEMAND",
            "cluster_name": "tfekscluster",
            "disk_size": 20,
            "force_update_version": null,
            "id": "tfekscluster:tfnodegroup",
            "instance_types": [
              "t3.medium"
            ],
            "labels": null,
            "launch_template": [],
            "node_group_name": "tfnodegroup",
            "node_group_name_prefix": "",
            "node_role_arn": "arn:aws:iam::637423201723:role/tfeksnodegrouprolename",
            "release_version": "1.31.2-20241121",
            "remote_access": [],
            "resources": [
              {
                "autoscaling_groups": [
                  {
                    "name": "eks-tfnodegroup-a6c9c166-01cb-dbc8-b5f6-65ca75471405"
                  }
                ],
                "remote_access_security_group_id": ""
              }
            ],
            "scaling_config": [
              {
                "desired_size": 2,
                "max_size": 3,
                "min_size": 1
              }
            ],
            "status": "ACTIVE",
            "subnet_ids": [
              "subnet-05639cad46ad67056",
              "subnet-0e6dc2cb63756ffcb"
            ],
            "tags": null,
            "tags_all": {},
            "taint": [],
            "timeouts": null,
            "update_config": [
              {
                "max_unavailable": 1,
                "max_unavailable_percentage": 0
              }
            ],
            "version": "1.31"
          },
          "sensitive_attributes": [],
          "private": "eyJlMmJmYjczMC1lY2FhLTExZTYtOGY4OC0zNDM2M2JjN2M0YzAiOnsiY3JlYXRlIjozNjAwMDAwMDAwMDAwLCJkZWxldGUiOjM2MDAwMDAwMDAwMDAsInVwZGF0ZSI6MzYwMDAwMDAwMDAwMH19",
          "dependencies": [
            "module.eks.aws_eks_cluster.tf_eks",
            "module.iam.aws_iam_role.tfeksclusterrole",
            "module.iam.aws_iam_role.tfeksnodegrouprole",
            "module.iam.aws_iam_role_policy_attachment.policy",
            "module.iam.aws_iam_role_policy_attachment.policya",
            "module.iam.aws_iam_role_policy_attachment.policyaa",
            "module.iam.aws_iam_role_policy_attachment.policyaaa",
            "module.vpc.aws_internet_gateway.tf_igw",
            "module.vpc.aws_route_table.tf_rt",
            "module.vpc.aws_route_table_association.a",
            "module.vpc.aws_route_table_association.b",
            "module.vpc.aws_security_group.eks_sg",
            "module.vpc.aws_subnet.tf_subnet1",
            "module.vpc.aws_subnet.tf_subnet2",
            "module.vpc.aws_vpc.tf_vpc",
            "module.vpc.aws_vpc_security_group_egress_rule.tf_sgegress",
            "module.vpc.aws_vpc_security_group_ingress_rule.tf_sgingress1",
            "module.vpc.aws_vpc_security_group_ingress_rule.tf_sgingress2",
            "module.vpc.aws_vpc_security_group_ingress_rule.tf_sgingress3"
          ]
        }
      ]
    },
    {
      "module": "module.iam",
      "mode": "managed",
      "type": "aws_iam_role",
      "name": "tfeksclusterrole",
      "provider": "provider[\"registry.terraform.io/hashicorp/aws\"]",
      "instances": [
        {
          "schema_version": 0,
          "attributes": {
            "arn": "arn:aws:iam::637423201723:role/tfeksclusterrole",
            "assume_role_policy": "{\"Statement\":[{\"Action\":\"sts:AssumeRole\",\"Effect\":\"Allow\",\"Principal\":{\"Service\":\"eks.amazonaws.com\"}}],\"Version\":\"2012-10-17\"}",
            "create_date": "2024-12-01T15:10:36Z",
            "description": "",
            "force_detach_policies": false,
            "id": "tfeksclusterrole",
            "inline_policy": [],
            "managed_policy_arns": [],
            "max_session_duration": 3600,
            "name": "tfeksclusterrole",
            "name_prefix": "",
            "path": "/",
            "permissions_boundary": "",
            "tags": null,
            "tags_all": {},
            "unique_id": "AROAZI2LCFW5ZLQYYJMB4"
          },
          "sensitive_attributes": [],
          "private": "bnVsbA=="
        }
      ]
    },
    {
      "module": "module.iam",
      "mode": "managed",
      "type": "aws_iam_role",
      "name": "tfeksnodegrouprole",
      "provider": "provider[\"registry.terraform.io/hashicorp/aws\"]",
      "instances": [
        {
          "schema_version": 0,
          "attributes": {
            "arn": "arn:aws:iam::637423201723:role/tfeksnodegrouprolename",
            "assume_role_policy": "{\"Statement\":[{\"Action\":\"sts:AssumeRole\",\"Effect\":\"Allow\",\"Principal\":{\"Service\":\"ec2.amazonaws.com\"}}],\"Version\":\"2012-10-17\"}",
            "create_date": "2024-12-01T15:10:36Z",
            "description": "",
            "force_detach_policies": false,
            "id": "tfeksnodegrouprolename",
            "inline_policy": [],
            "managed_policy_arns": [],
            "max_session_duration": 3600,
            "name": "tfeksnodegrouprolename",
            "name_prefix": "",
            "path": "/",
            "permissions_boundary": "",
            "tags": null,
            "tags_all": {},
            "unique_id": "AROAZI2LCFW5ZM6O5LRS7"
          },
          "sensitive_attributes": [],
          "private": "bnVsbA=="
        }
      ]
    },
    {
      "module": "module.iam",
      "mode": "managed",
      "type": "aws_iam_role_policy_attachment",
      "name": "policy",
      "provider": "provider[\"registry.terraform.io/hashicorp/aws\"]",
      "instances": [
        {
          "schema_version": 0,
          "attributes": {
            "id": "tfeksclusterrole-20241201151036593300000002",
            "policy_arn": "arn:aws:iam::aws:policy/AmazonEKSClusterPolicy",
            "role": "tfeksclusterrole"
          },
          "sensitive_attributes": [],
          "private": "bnVsbA==",
          "dependencies": [
            "module.iam.aws_iam_role.tfeksclusterrole"
          ]
        }
      ]
    },
    {
      "module": "module.iam",
      "mode": "managed",
      "type": "aws_iam_role_policy_attachment",
      "name": "policya",
      "provider": "provider[\"registry.terraform.io/hashicorp/aws\"]",
      "instances": [
        {
          "schema_version": 0,
          "attributes": {
            "id": "tfeksnodegrouprolename-20241201151036625100000003",
            "policy_arn": "arn:aws:iam::aws:policy/AmazonEKSWorkerNodePolicy",
            "role": "tfeksnodegrouprolename"
          },
          "sensitive_attributes": [],
          "private": "bnVsbA==",
          "dependencies": [
            "module.iam.aws_iam_role.tfeksnodegrouprole"
          ]
        }
      ]
    },
    {
      "module": "module.iam",
      "mode": "managed",
      "type": "aws_iam_role_policy_attachment",
      "name": "policyaa",
      "provider": "provider[\"registry.terraform.io/hashicorp/aws\"]",
      "instances": [
        {
          "schema_version": 0,
          "attributes": {
            "id": "tfeksnodegrouprolename-20241201151036657000000004",
            "policy_arn": "arn:aws:iam::aws:policy/AmazonEKS_CNI_Policy",
            "role": "tfeksnodegrouprolename"
          },
          "sensitive_attributes": [],
          "private": "bnVsbA==",
          "dependencies": [
            "module.iam.aws_iam_role.tfeksnodegrouprole"
          ]
        }
      ]
    },
    {
      "module": "module.iam",
      "mode": "managed",
      "type": "aws_iam_role_policy_attachment",
      "name": "policyaaa",
      "provider": "provider[\"registry.terraform.io/hashicorp/aws\"]",
      "instances": [
        {
          "schema_version": 0,
          "attributes": {
            "id": "tfeksnodegrouprolename-20241201151036695600000005",
            "policy_arn": "arn:aws:iam::aws:policy/AmazonEC2ContainerRegistryReadOnly",
            "role": "tfeksnodegrouprolename"
          },
          "sensitive_attributes": [],
          "private": "bnVsbA==",
          "dependencies": [
            "module.iam.aws_iam_role.tfeksnodegrouprole"
          ]
        }
      ]
    },
    {
      "module": "module.vpc",
      "mode": "managed",
      "type": "aws_internet_gateway",
      "name": "tf_igw",
      "provider": "provider[\"registry.terraform.io/hashicorp/aws\"]",
      "instances": [
        {
          "schema_version": 0,
          "attributes": {
            "arn": "arn:aws:ec2:us-east-2:637423201723:internet-gateway/igw-0ac8bfe462467d1f2",
            "id": "igw-0ac8bfe462467d1f2",
            "owner_id": "637423201723",
            "tags": {
              "Name": "tf_igw_test"
            },
            "tags_all": {
              "Name": "tf_igw_test"
            },
            "timeouts": null,
            "vpc_id": "vpc-02478c96751fb758f"
          },
          "sensitive_attributes": [],
          "private": "eyJlMmJmYjczMC1lY2FhLTExZTYtOGY4OC0zNDM2M2JjN2M0YzAiOnsiY3JlYXRlIjoxMjAwMDAwMDAwMDAwLCJkZWxldGUiOjEyMDAwMDAwMDAwMDAsInVwZGF0ZSI6MTIwMDAwMDAwMDAwMH19",
          "dependencies": [
            "module.vpc.aws_vpc.tf_vpc"
          ]
        }
      ]
    },
    {
      "module": "module.vpc",
      "mode": "managed",
      "type": "aws_route_table",
      "name": "tf_rt",
      "provider": "provider[\"registry.terraform.io/hashicorp/aws\"]",
      "instances": [
        {
          "schema_version": 0,
          "attributes": {
            "arn": "arn:aws:ec2:us-east-2:637423201723:route-table/rtb-08e38d8c29ecdf74e",
            "id": "rtb-08e38d8c29ecdf74e",
            "owner_id": "637423201723",
            "propagating_vgws": [],
            "route": [
              {
                "carrier_gateway_id": "",
                "cidr_block": "0.0.0.0/0",
                "core_network_arn": "",
                "destination_prefix_list_id": "",
                "egress_only_gateway_id": "",
                "gateway_id": "igw-0ac8bfe462467d1f2",
                "ipv6_cidr_block": "",
                "local_gateway_id": "",
                "nat_gateway_id": "",
                "network_interface_id": "",
                "transit_gateway_id": "",
                "vpc_endpoint_id": "",
                "vpc_peering_connection_id": ""
              }
            ],
            "tags": {
              "Name": "tf_rt_test"
            },
            "tags_all": {
              "Name": "tf_rt_test"
            },
            "timeouts": null,
            "vpc_id": "vpc-02478c96751fb758f"
          },
          "sensitive_attributes": [],
          "private": "eyJlMmJmYjczMC1lY2FhLTExZTYtOGY4OC0zNDM2M2JjN2M0YzAiOnsiY3JlYXRlIjozMDAwMDAwMDAwMDAsImRlbGV0ZSI6MzAwMDAwMDAwMDAwLCJ1cGRhdGUiOjEyMDAwMDAwMDAwMH19",
          "dependencies": [
            "module.vpc.aws_internet_gateway.tf_igw",
            "module.vpc.aws_vpc.tf_vpc"
          ]
        }
      ]
    },
    {
      "module": "module.vpc",
      "mode": "managed",
      "type": "aws_route_table_association",
      "name": "a",
      "provider": "provider[\"registry.terraform.io/hashicorp/aws\"]",
      "instances": [
        {
          "schema_version": 0,
          "attributes": {
            "gateway_id": "",
            "id": "rtbassoc-025f783fcdd719381",
            "route_table_id": "rtb-08e38d8c29ecdf74e",
            "subnet_id": "subnet-05639cad46ad67056",
            "timeouts": null
          },
          "sensitive_attributes": [],
          "private": "eyJlMmJmYjczMC1lY2FhLTExZTYtOGY4OC0zNDM2M2JjN2M0YzAiOnsiY3JlYXRlIjozMDAwMDAwMDAwMDAsImRlbGV0ZSI6MzAwMDAwMDAwMDAwLCJ1cGRhdGUiOjEyMDAwMDAwMDAwMH19",
          "dependencies": [
            "module.vpc.aws_internet_gateway.tf_igw",
            "module.vpc.aws_route_table.tf_rt",
            "module.vpc.aws_subnet.tf_subnet1",
            "module.vpc.aws_vpc.tf_vpc"
          ]
        }
      ]
    },
    {
      "module": "module.vpc",
      "mode": "managed",
      "type": "aws_route_table_association",
      "name": "b",
      "provider": "provider[\"registry.terraform.io/hashicorp/aws\"]",
      "instances": [
        {
          "schema_version": 0,
          "attributes": {
            "gateway_id": "",
            "id": "rtbassoc-0b49721f7d2f8dffa",
            "route_table_id": "rtb-08e38d8c29ecdf74e",
            "subnet_id": "subnet-0e6dc2cb63756ffcb",
            "timeouts": null
          },
          "sensitive_attributes": [],
          "private": "eyJlMmJmYjczMC1lY2FhLTExZTYtOGY4OC0zNDM2M2JjN2M0YzAiOnsiY3JlYXRlIjozMDAwMDAwMDAwMDAsImRlbGV0ZSI6MzAwMDAwMDAwMDAwLCJ1cGRhdGUiOjEyMDAwMDAwMDAwMH19",
          "dependencies": [
            "module.vpc.aws_internet_gateway.tf_igw",
            "module.vpc.aws_route_table.tf_rt",
            "module.vpc.aws_subnet.tf_subnet2",
            "module.vpc.aws_vpc.tf_vpc"
          ]
        }
      ]
    },
    {
      "module": "module.vpc",
      "mode": "managed",
      "type": "aws_security_group",
      "name": "eks_sg",
      "provider": "provider[\"registry.terraform.io/hashicorp/aws\"]",
      "instances": [
        {
          "schema_version": 1,
          "attributes": {
            "arn": "arn:aws:ec2:us-east-2:637423201723:security-group/sg-00d4b90d328f532ae",
            "description": "Allow ssh and http/s",
            "egress": [],
            "id": "sg-00d4b90d328f532ae",
            "ingress": [],
            "name": "eks_sg",
            "name_prefix": "",
            "owner_id": "637423201723",
            "revoke_rules_on_delete": false,
            "tags": {
              "Name": "EKS_SG"
            },
            "tags_all": {
              "Name": "EKS_SG"
            },
            "timeouts": null,
            "vpc_id": "vpc-02478c96751fb758f"
          },
          "sensitive_attributes": [],
          "private": "eyJlMmJmYjczMC1lY2FhLTExZTYtOGY4OC0zNDM2M2JjN2M0YzAiOnsiY3JlYXRlIjo2MDAwMDAwMDAwMDAsImRlbGV0ZSI6OTAwMDAwMDAwMDAwfSwic2NoZW1hX3ZlcnNpb24iOiIxIn0=",
          "dependencies": [
            "module.vpc.aws_vpc.tf_vpc"
          ]
        }
      ]
    },
    {
      "module": "module.vpc",
      "mode": "managed",
      "type": "aws_subnet",
      "name": "tf_subnet1",
      "provider": "provider[\"registry.terraform.io/hashicorp/aws\"]",
      "instances": [
        {
          "schema_version": 1,
          "attributes": {
            "arn": "arn:aws:ec2:us-east-2:637423201723:subnet/subnet-05639cad46ad67056",
            "assign_ipv6_address_on_creation": false,
            "availability_zone": "us-east-2a",
            "availability_zone_id": "use2-az1",
            "cidr_block": "10.0.1.0/24",
            "customer_owned_ipv4_pool": "",
            "enable_dns64": false,
            "enable_lni_at_device_index": 0,
            "enable_resource_name_dns_a_record_on_launch": false,
            "enable_resource_name_dns_aaaa_record_on_launch": false,
            "id": "subnet-05639cad46ad67056",
            "ipv6_cidr_block": "",
            "ipv6_cidr_block_association_id": "",
            "ipv6_native": false,
            "map_customer_owned_ip_on_launch": false,
            "map_public_ip_on_launch": true,
            "outpost_arn": "",
            "owner_id": "637423201723",
            "private_dns_hostname_type_on_launch": "ip-name",
            "tags": {
              "Name": "tf_subnet_test1"
            },
            "tags_all": {
              "Name": "tf_subnet_test1"
            },
            "timeouts": null,
            "vpc_id": "vpc-02478c96751fb758f"
          },
          "sensitive_attributes": [],
          "private": "eyJlMmJmYjczMC1lY2FhLTExZTYtOGY4OC0zNDM2M2JjN2M0YzAiOnsiY3JlYXRlIjo2MDAwMDAwMDAwMDAsImRlbGV0ZSI6MTIwMDAwMDAwMDAwMH0sInNjaGVtYV92ZXJzaW9uIjoiMSJ9",
          "dependencies": [
            "module.vpc.aws_vpc.tf_vpc"
          ]
        }
      ]
    },
    {
      "module": "module.vpc",
      "mode": "managed",
      "type": "aws_subnet",
      "name": "tf_subnet2",
      "provider": "provider[\"registry.terraform.io/hashicorp/aws\"]",
      "instances": [
        {
          "schema_version": 1,
          "attributes": {
            "arn": "arn:aws:ec2:us-east-2:637423201723:subnet/subnet-0e6dc2cb63756ffcb",
            "assign_ipv6_address_on_creation": false,
            "availability_zone": "us-east-2b",
            "availability_zone_id": "use2-az2",
            "cidr_block": "10.0.2.0/24",
            "customer_owned_ipv4_pool": "",
            "enable_dns64": false,
            "enable_lni_at_device_index": 0,
            "enable_resource_name_dns_a_record_on_launch": false,
            "enable_resource_name_dns_aaaa_record_on_launch": false,
            "id": "subnet-0e6dc2cb63756ffcb",
            "ipv6_cidr_block": "",
            "ipv6_cidr_block_association_id": "",
            "ipv6_native": false,
            "map_customer_owned_ip_on_launch": false,
            "map_public_ip_on_launch": true,
            "outpost_arn": "",
            "owner_id": "637423201723",
            "private_dns_hostname_type_on_launch": "ip-name",
            "tags": {
              "Name": "tf_subnet_test2"
            },
            "tags_all": {
              "Name": "tf_subnet_test2"
            },
            "timeouts": null,
            "vpc_id": "vpc-02478c96751fb758f"
          },
          "sensitive_attributes": [],
          "private": "eyJlMmJmYjczMC1lY2FhLTExZTYtOGY4OC0zNDM2M2JjN2M0YzAiOnsiY3JlYXRlIjo2MDAwMDAwMDAwMDAsImRlbGV0ZSI6MTIwMDAwMDAwMDAwMH0sInNjaGVtYV92ZXJzaW9uIjoiMSJ9",
          "dependencies": [
            "module.vpc.aws_vpc.tf_vpc"
          ]
        }
      ]
    },
    {
      "module": "module.vpc",
      "mode": "managed",
      "type": "aws_vpc",
      "name": "tf_vpc",
      "provider": "provider[\"registry.terraform.io/hashicorp/aws\"]",
      "instances": [
        {
          "schema_version": 1,
          "attributes": {
            "arn": "arn:aws:ec2:us-east-2:637423201723:vpc/vpc-02478c96751fb758f",
            "assign_generated_ipv6_cidr_block": false,
            "cidr_block": "10.0.0.0/16",
            "default_network_acl_id": "acl-013f192dd5557d46b",
            "default_route_table_id": "rtb-06e4d1ac49cc0a179",
            "default_security_group_id": "sg-090795a49c6351632",
            "dhcp_options_id": "dopt-026e9c2f4e01a946d",
            "enable_dns_hostnames": true,
            "enable_dns_support": true,
            "enable_network_address_usage_metrics": false,
            "id": "vpc-02478c96751fb758f",
            "instance_tenancy": "default",
            "ipv4_ipam_pool_id": null,
            "ipv4_netmask_length": null,
            "ipv6_association_id": "",
            "ipv6_cidr_block": "",
            "ipv6_cidr_block_network_border_group": "",
            "ipv6_ipam_pool_id": "",
            "ipv6_netmask_length": 0,
            "main_route_table_id": "rtb-06e4d1ac49cc0a179",
            "owner_id": "637423201723",
            "tags": {
              "Name": "eks-vpc"
            },
            "tags_all": {
              "Name": "eks-vpc"
            }
          },
          "sensitive_attributes": [],
          "private": "eyJzY2hlbWFfdmVyc2lvbiI6IjEifQ=="
        }
      ]
    },
    {
      "module": "module.vpc",
      "mode": "managed",
      "type": "aws_vpc_security_group_egress_rule",
      "name": "tf_sgegress",
      "provider": "provider[\"registry.terraform.io/hashicorp/aws\"]",
      "instances": [
        {
          "schema_version": 0,
          "attributes": {
            "arn": "arn:aws:ec2:us-east-2:637423201723:security-group-rule/sgr-0c4989ab3371bb24c",
            "cidr_ipv4": "0.0.0.0/0",
            "cidr_ipv6": null,
            "description": null,
            "from_port": null,
            "id": "sgr-0c4989ab3371bb24c",
            "ip_protocol": "-1",
            "prefix_list_id": null,
            "referenced_security_group_id": null,
            "security_group_id": "sg-00d4b90d328f532ae",
            "security_group_rule_id": "sgr-0c4989ab3371bb24c",
            "tags": null,
            "tags_all": {},
            "to_port": null
          },
          "sensitive_attributes": [],
          "dependencies": [
            "module.vpc.aws_security_group.eks_sg",
            "module.vpc.aws_vpc.tf_vpc"
          ]
        }
      ]
    },
    {
      "module": "module.vpc",
      "mode": "managed",
      "type": "aws_vpc_security_group_ingress_rule",
      "name": "tf_sgingress1",
      "provider": "provider[\"registry.terraform.io/hashicorp/aws\"]",
      "instances": [
        {
          "schema_version": 0,
          "attributes": {
            "arn": "arn:aws:ec2:us-east-2:637423201723:security-group-rule/sgr-09045b869736523e6",
            "cidr_ipv4": "0.0.0.0/0",
            "cidr_ipv6": null,
            "description": null,
            "from_port": 22,
            "id": "sgr-09045b869736523e6",
            "ip_protocol": "tcp",
            "prefix_list_id": null,
            "referenced_security_group_id": null,
            "security_group_id": "sg-00d4b90d328f532ae",
            "security_group_rule_id": "sgr-09045b869736523e6",
            "tags": null,
            "tags_all": {},
            "to_port": 22
          },
          "sensitive_attributes": [],
          "dependencies": [
            "module.vpc.aws_security_group.eks_sg",
            "module.vpc.aws_vpc.tf_vpc"
          ]
        }
      ]
    },
    {
      "module": "module.vpc",
      "mode": "managed",
      "type": "aws_vpc_security_group_ingress_rule",
      "name": "tf_sgingress2",
      "provider": "provider[\"registry.terraform.io/hashicorp/aws\"]",
      "instances": [
        {
          "schema_version": 0,
          "attributes": {
            "arn": "arn:aws:ec2:us-east-2:637423201723:security-group-rule/sgr-0d216538ed700e66b",
            "cidr_ipv4": "0.0.0.0/0",
            "cidr_ipv6": null,
            "description": null,
            "from_port": 80,
            "id": "sgr-0d216538ed700e66b",
            "ip_protocol": "tcp",
            "prefix_list_id": null,
            "referenced_security_group_id": null,
            "security_group_id": "sg-00d4b90d328f532ae",
            "security_group_rule_id": "sgr-0d216538ed700e66b",
            "tags": null,
            "tags_all": {},
            "to_port": 80
          },
          "sensitive_attributes": [],
          "dependencies": [
            "module.vpc.aws_security_group.eks_sg",
            "module.vpc.aws_vpc.tf_vpc"
          ]
        }
      ]
    },
    {
      "module": "module.vpc",
      "mode": "managed",
      "type": "aws_vpc_security_group_ingress_rule",
      "name": "tf_sgingress3",
      "provider": "provider[\"registry.terraform.io/hashicorp/aws\"]",
      "instances": [
        {
          "schema_version": 0,
          "attributes": {
            "arn": "arn:aws:ec2:us-east-2:637423201723:security-group-rule/sgr-06ebd3275b5c78fa9",
            "cidr_ipv4": "0.0.0.0/0",
            "cidr_ipv6": null,
            "description": null,
            "from_port": 443,
            "id": "sgr-06ebd3275b5c78fa9",
            "ip_protocol": "tcp",
            "prefix_list_id": null,
            "referenced_security_group_id": null,
            "security_group_id": "sg-00d4b90d328f532ae",
            "security_group_rule_id": "sgr-06ebd3275b5c78fa9",
            "tags": null,
            "tags_all": {},
            "to_port": 443
          },
          "sensitive_attributes": [],
          "dependencies": [
            "module.vpc.aws_security_group.eks_sg",
            "module.vpc.aws_vpc.tf_vpc"
          ]
        }
      ]
    }
  ],
  "check_results": null
}
